
Microsoft Visual Studio Solution File, Format Version 12.00
# Visual Studio 2012
Project("{FAE04EC0-301F-11D3-BF4B-00C04F79EFBC}") = "InTheHuddle", "InTheHuddle.csproj", "{6928F6E4-B2E1-49CC-8C0B-5F224DEFF33F}"
EndProject
Global
	GlobalSection(SolutionConfigurationPlatforms) = preSolution
		Debug|Any CPU = Debug|Any CPU
		Release|Any CPU = Release|Any CPU
	EndGlobalSection
	GlobalSection(ProjectConfigurationPlatforms) = postSolution
		{6928F6E4-B2E1-49CC-8C0B-5F224DEFF33F}.Debug|Any CPU.ActiveCfg = Debug|Any CPU
		{6928F6E4-B2E1-49CC-8C0B-5F224DEFF33F}.Debug|Any CPU.Build.0 = Debug|Any CPU
		{6928F6E4-B2E1-49CC-8C0B-5F224DEFF33F}.Release|Any CPU.ActiveCfg = Release|Any CPU
		{6928F6E4-B2E1-49CC-8C0B-5F224DEFF33F}.Release|Any CPU.Build.0 = Release|Any CPU
	EndGlobalSection
EndGlobal
